
Microsoft Visual Studio Solution File, Format Version 12.00
# Visual Studio Version 16
VisualStudioVersion = 16.0.32126.315
MinimumVisualStudioVersion = 10.0.40219.1
Project("{FAE04EC0-301F-11D3-BF4B-00C04F79EFBC}") = "API", "Helpdesk_Support_System\API.csproj", "{A9E95DE1-BFBB-483C-BF07-1401D8B7B65F}"
EndProject
Project("{FAE04EC0-301F-11D3-BF4B-00C04F79EFBC}") = "Client", "Client\Client.csproj", "{2B33F753-057E-492C-84B2-021F531FCCB5}"
EndProject
Global
	GlobalSection(SolutionConfigurationPlatforms) = preSolution
		Debug|Any CPU = Debug|Any CPU
		Release|Any CPU = Release|Any CPU
	EndGlobalSection
	GlobalSection(ProjectConfigurationPlatforms) = postSolution
		{A9E95DE1-BFBB-483C-BF07-1401D8B7B65F}.Debug|Any CPU.ActiveCfg = Debug|Any CPU
		{A9E95DE1-BFBB-483C-BF07-1401D8B7B65F}.Debug|Any CPU.Build.0 = Debug|Any CPU
		{A9E95DE1-BFBB-483C-BF07-1401D8B7B65F}.Release|Any CPU.ActiveCfg = Release|Any CPU
		{A9E95DE1-BFBB-483C-BF07-1401D8B7B65F}.Release|Any CPU.Build.0 = Release|Any CPU
		{2B33F753-057E-492C-84B2-021F531FCCB5}.Debug|Any CPU.ActiveCfg = Debug|Any CPU
		{2B33F753-057E-492C-84B2-021F531FCCB5}.Debug|Any CPU.Build.0 = Debug|Any CPU
		{2B33F753-057E-492C-84B2-021F531FCCB5}.Release|Any CPU.ActiveCfg = Release|Any CPU
		{2B33F753-057E-492C-84B2-021F531FCCB5}.Release|Any CPU.Build.0 = Release|Any CPU
	EndGlobalSection
	GlobalSection(SolutionProperties) = preSolution
		HideSolutionNode = FALSE
	EndGlobalSection
	GlobalSection(ExtensibilityGlobals) = postSolution
		SolutionGuid = {ABBA9989-C562-4127-988F-2F1D2379279F}
	EndGlobalSection
EndGlobal
